
Microsoft Visual Studio Solution File, Format Version 12.00
# Visual Studio Version 17
VisualStudioVersion = 17.6.33829.357
MinimumVisualStudioVersion = 10.0.40219.1
Project("{FAE04EC0-301F-11D3-BF4B-00C04F79EFBC}") = "Store", "Store\Store.csproj", "{D6C57176-034A-4AEB-9E51-DA0C3DE2B907}"
EndProject
Global
	GlobalSection(SolutionConfigurationPlatforms) = preSolution
		Debug|Any CPU = Debug|Any CPU
		Release|Any CPU = Release|Any CPU
	EndGlobalSection
	GlobalSection(ProjectConfigurationPlatforms) = postSolution
		{D6C57176-034A-4AEB-9E51-DA0C3DE2B907}.Debug|Any CPU.ActiveCfg = Debug|Any CPU
		{D6C57176-034A-4AEB-9E51-DA0C3DE2B907}.Debug|Any CPU.Build.0 = Debug|Any CPU
		{D6C57176-034A-4AEB-9E51-DA0C3DE2B907}.Release|Any CPU.ActiveCfg = Release|Any CPU
		{D6C57176-034A-4AEB-9E51-DA0C3DE2B907}.Release|Any CPU.Build.0 = Release|Any CPU
	EndGlobalSection
	GlobalSection(SolutionProperties) = preSolution
		HideSolutionNode = FALSE
	EndGlobalSection
	GlobalSection(ExtensibilityGlobals) = postSolution
		SolutionGuid = {A91E3042-42AA-4E2B-B744-1906FFAD8030}
	EndGlobalSection
EndGlobal
